// !$*UTF8*$!
{
	archiveVersion = 1;
	classes = {
	};
	objectVersion = 55;
	objects = {

/* Begin PBXBuildFile section */
		5282478A281A2D99001C1225 /* AppDelegate.m in Sources */ = {isa = PBXBuildFile; fileRef = 52824789281A2D99001C1225 /* AppDelegate.m */; };
		5282478D281A2D99001C1225 /* SceneDelegate.m in Sources */ = {isa = PBXBuildFile; fileRef = 5282478C281A2D99001C1225 /* SceneDelegate.m */; };
		52824790281A2D99001C1225 /* ViewController.m in Sources */ = {isa = PBXBuildFile; fileRef = 5282478F281A2D99001C1225 /* ViewController.m */; };
		52824793281A2D99001C1225 /* Main.storyboard in Resources */ = {isa = PBXBuildFile; fileRef = 52824791281A2D99001C1225 /* Main.storyboard */; };
		52824795281A2D9C001C1225 /* Assets.xcassets in Resources */ = {isa = PBXBuildFile; fileRef = 52824794281A2D9C001C1225 /* Assets.xcassets */; };
		52824798281A2D9C001C1225 /* LaunchScreen.storyboard in Resources */ = {isa = PBXBuildFile; fileRef = 52824796281A2D9C001C1225 /* LaunchScreen.storyboard */; };
		5282479B281A2D9C001C1225 /* main.m in Sources */ = {isa = PBXBuildFile; fileRef = 5282479A281A2D9C001C1225 /* main.m */; };
		528247AA281A37E3001C1225 /* WechatPayService.swift in Sources */ = {isa = PBXBuildFile; fileRef = 528247A2281A37E3001C1225 /* WechatPayService.swift */; };
		528247AB281A37E3001C1225 /* WechatExecutor.swift in Sources */ = {isa = PBXBuildFile; fileRef = 528247A3281A37E3001C1225 /* WechatExecutor.swift */; };
		528247AE281A37E3001C1225 /* WXApiManager.swift in Sources */ = {isa = PBXBuildFile; fileRef = 528247A9281A37E3001C1225 /* WXApiManager.swift */; };
		528247B3281A3B85001C1225 /* Security.framework in Frameworks */ = {isa = PBXBuildFile; fileRef = 528247B2281A3B85001C1225 /* Security.framework */; };
		528247B5281A3B8C001C1225 /* CoreGraphics.framework in Frameworks */ = {isa = PBXBuildFile; fileRef = 528247B4281A3B8C001C1225 /* CoreGraphics.framework */; };
		528247B7281A3B93001C1225 /* WebKit.framework in Frameworks */ = {isa = PBXBuildFile; fileRef = 528247B6281A3B93001C1225 /* WebKit.framework */; };
		C8DEF001EF93A7DDF9068086 /* Pods_test_oc.framework in Frameworks */ = {isa = PBXBuildFile; fileRef = 7B71FF05862F5FFE1E284C92 /* Pods_test_oc.framework */; };
/* End PBXBuildFile section */

/* Begin PBXFileReference section */
		08E26A732EC6E3CF3F912FE6 /* Pods-test-oc.release.xcconfig */ = {isa = PBXFileReference; includeInIndex = 1; lastKnownFileType = text.xcconfig; name = "Pods-test-oc.release.xcconfig"; path = "Target Support Files/Pods-test-oc/Pods-test-oc.release.xcconfig"; sourceTree = "<group>"; };
		0F15383791C4BDD268A7F2CA /* Pods-test-oc.debug.xcconfig */ = {isa = PBXFileReference; includeInIndex = 1; lastKnownFileType = text.xcconfig; name = "Pods-test-oc.debug.xcconfig"; path = "Target Support Files/Pods-test-oc/Pods-test-oc.debug.xcconfig"; sourceTree = "<group>"; };
		52824785281A2D99001C1225 /* test-oc.app */ = {isa = PBXFileReference; explicitFileType = wrapper.application; includeInIndex = 0; path = "test-oc.app"; sourceTree = BUILT_PRODUCTS_DIR; };
		52824788281A2D99001C1225 /* AppDelegate.h */ = {isa = PBXFileReference; lastKnownFileType = sourcecode.c.h; path = AppDelegate.h; sourceTree = "<group>"; };
		52824789281A2D99001C1225 /* AppDelegate.m */ = {isa = PBXFileReference; lastKnownFileType = sourcecode.c.objc; path = AppDelegate.m; sourceTree = "<group>"; };
		5282478B281A2D99001C1225 /* SceneDelegate.h */ = {isa = PBXFileReference; lastKnownFileType = sourcecode.c.h; path = SceneDelegate.h; sourceTree = "<group>"; };
		5282478C281A2D99001C1225 /* SceneDelegate.m */ = {isa = PBXFileReference; lastKnownFileType = sourcecode.c.objc; path = SceneDelegate.m; sourceTree = "<group>"; };
		5282478E281A2D99001C1225 /* ViewController.h */ = {isa = PBXFileReference; lastKnownFileType = sourcecode.c.h; path = ViewController.h; sourceTree = "<group>"; };
		5282478F281A2D99001C1225 /* ViewController.m */ = {isa = PBXFileReference; lastKnownFileType = sourcecode.c.objc; path = ViewController.m; sourceTree = "<group>"; };
		52824792281A2D99001C1225 /* Base */ = {isa = PBXFileReference; lastKnownFileType = file.storyboard; name = Base; path = Base.lproj/Main.storyboard; sourceTree = "<group>"; };
		52824794281A2D9C001C1225 /* Assets.xcassets */ = {isa = PBXFileReference; lastKnownFileType = folder.assetcatalog; path = Assets.xcassets; sourceTree = "<group>"; };
		52824797281A2D9C001C1225 /* Base */ = {isa = PBXFileReference; lastKnownFileType = file.storyboard; name = Base; path = Base.lproj/LaunchScreen.storyboard; sourceTree = "<group>"; };
		52824799281A2D9C001C1225 /* Info.plist */ = {isa = PBXFileReference; lastKnownFileType = text.plist.xml; path = Info.plist; sourceTree = "<group>"; };
		5282479A281A2D9C001C1225 /* main.m */ = {isa = PBXFileReference; lastKnownFileType = sourcecode.c.objc; path = main.m; sourceTree = "<group>"; };
		528247A2281A37E3001C1225 /* WechatPayService.swift */ = {isa = PBXFileReference; fileEncoding = 4; lastKnownFileType = sourcecode.swift; path = WechatPayService.swift; sourceTree = "<group>"; };
		528247A3281A37E3001C1225 /* WechatExecutor.swift */ = {isa = PBXFileReference; fileEncoding = 4; lastKnownFileType = sourcecode.swift; path = WechatExecutor.swift; sourceTree = "<group>"; };
		528247A9281A37E3001C1225 /* WXApiManager.swift */ = {isa = PBXFileReference; fileEncoding = 4; lastKnownFileType = sourcecode.swift; path = WXApiManager.swift; sourceTree = "<group>"; };
		528247B1281A39B4001C1225 /* bridge-header.h */ = {isa = PBXFileReference; lastKnownFileType = sourcecode.c.h; path = "bridge-header.h"; sourceTree = "<group>"; };
		528247B2281A3B85001C1225 /* Security.framework */ = {isa = PBXFileReference; lastKnownFileType = wrapper.framework; name = Security.framework; path = System/Library/Frameworks/Security.framework; sourceTree = SDKROOT; };
		528247B4281A3B8C001C1225 /* CoreGraphics.framework */ = {isa = PBXFileReference; lastKnownFileType = wrapper.framework; name = CoreGraphics.framework; path = System/Library/Frameworks/CoreGraphics.framework; sourceTree = SDKROOT; };
		528247B6281A3B93001C1225 /* WebKit.framework */ = {isa = PBXFileReference; lastKnownFileType = wrapper.framework; name = WebKit.framework; path = System/Library/Frameworks/WebKit.framework; sourceTree = SDKROOT; };
		7B71FF05862F5FFE1E284C92 /* Pods_test_oc.framework */ = {isa = PBXFileReference; explicitFileType = wrapper.framework; includeInIndex = 0; path = Pods_test_oc.framework; sourceTree = BUILT_PRODUCTS_DIR; };
/* End PBXFileReference section */

/* Begin PBXFrameworksBuildPhase section */
		52824782281A2D99001C1225 /* Frameworks */ = {
			isa = PBXFrameworksBuildPhase;
			buildActionMask = 2147483647;
			files = (
				528247B7281A3B93001C1225 /* WebKit.framework in Frameworks */,
				528247B5281A3B8C001C1225 /* CoreGraphics.framework in Frameworks */,
				528247B3281A3B85001C1225 /* Security.framework in Frameworks */,
				C8DEF001EF93A7DDF9068086 /* Pods_test_oc.framework in Frameworks */,
			);
			runOnlyForDeploymentPostprocessing = 0;
		};
/* End PBXFrameworksBuildPhase section */

/* Begin PBXGroup section */
		5282477C281A2D99001C1225 = {
			isa = PBXGroup;
			children = (
				52824787281A2D99001C1225 /* test-oc */,
				52824786281A2D99001C1225 /* Products */,
				C6EB3CA240798065593746B0 /* Pods */,
				DD8708FD1F54A4885953F377 /* Frameworks */,
			);
			sourceTree = "<group>";
		};
		52824786281A2D99001C1225 /* Products */ = {
			isa = PBXGroup;
			children = (
				52824785281A2D99001C1225 /* test-oc.app */,
			);
			name = Products;
			sourceTree = "<group>";
		};
		52824787281A2D99001C1225 /* test-oc */ = {
			isa = PBXGroup;
			children = (
				528247A1281A37E3001C1225 /* WeChatSDK1.8.7.1 */,
				52824788281A2D99001C1225 /* AppDelegate.h */,
				52824789281A2D99001C1225 /* AppDelegate.m */,
				5282478B281A2D99001C1225 /* SceneDelegate.h */,
				5282478C281A2D99001C1225 /* SceneDelegate.m */,
				5282478E281A2D99001C1225 /* ViewController.h */,
				5282478F281A2D99001C1225 /* ViewController.m */,
				52824791281A2D99001C1225 /* Main.storyboard */,
				52824794281A2D9C001C1225 /* Assets.xcassets */,
				52824796281A2D9C001C1225 /* LaunchScreen.storyboard */,
				52824799281A2D9C001C1225 /* Info.plist */,
				5282479A281A2D9C001C1225 /* main.m */,
				528247B1281A39B4001C1225 /* bridge-header.h */,
			);
			path = "test-oc";
			sourceTree = "<group>";
		};
		528247A1281A37E3001C1225 /* WeChatSDK1.8.7.1 */ = {
			isa = PBXGroup;
			children = (
				528247A2281A37E3001C1225 /* WechatPayService.swift */,
				528247A3281A37E3001C1225 /* WechatExecutor.swift */,
				528247A9281A37E3001C1225 /* WXApiManager.swift */,
			);
			path = WeChatSDK1.8.7.1;
			sourceTree = "<group>";
		};
		C6EB3CA240798065593746B0 /* Pods */ = {
			isa = PBXGroup;
			children = (
				0F15383791C4BDD268A7F2CA /* Pods-test-oc.debug.xcconfig */,
				08E26A732EC6E3CF3F912FE6 /* Pods-test-oc.release.xcconfig */,
			);
			path = Pods;
			sourceTree = "<group>";
		};
		DD8708FD1F54A4885953F377 /* Frameworks */ = {
			isa = PBXGroup;
			children = (
				528247B6281A3B93001C1225 /* WebKit.framework */,
				528247B4281A3B8C001C1225 /* CoreGraphics.framework */,
				528247B2281A3B85001C1225 /* Security.framework */,
				7B71FF05862F5FFE1E284C92 /* Pods_test_oc.framework */,
			);
			name = Frameworks;
			sourceTree = "<group>";
		};
/* End PBXGroup section */

/* Begin PBXNativeTarget section */
		52824784281A2D99001C1225 /* test-oc */ = {
			isa = PBXNativeTarget;
			buildConfigurationList = 5282479E281A2D9C001C1225 /* Build configuration list for PBXNativeTarget "test-oc" */;
			buildPhases = (
				3F801745167CCAF5DDA8D23B /* [CP] Check Pods Manifest.lock */,
				52824781281A2D99001C1225 /* Sources */,
				52824782281A2D99001C1225 /* Frameworks */,
				52824783281A2D99001C1225 /* Resources */,
				607D567EB50575140C0CF3D2 /* [CP] Copy Pods Resources */,
			);
			buildRules = (
			);
			dependencies = (
			);
			name = "test-oc";
			productName = "test-oc";
			productReference = 52824785281A2D99001C1225 /* test-oc.app */;
			productType = "com.apple.product-type.application";
		};
/* End PBXNativeTarget section */

/* Begin PBXProject section */
		5282477D281A2D99001C1225 /* Project object */ = {
			isa = PBXProject;
			attributes = {
				BuildIndependentTargetsInParallel = 1;
				LastUpgradeCheck = 1320;
				TargetAttributes = {
					52824784281A2D99001C1225 = {
						CreatedOnToolsVersion = 13.2.1;
					};
				};
			};
			buildConfigurationList = 52824780281A2D99001C1225 /* Build configuration list for PBXProject "test-oc" */;
			compatibilityVersion = "Xcode 13.0";
			developmentRegion = en;
			hasScannedForEncodings = 0;
			knownRegions = (
				en,
				Base,
			);
			mainGroup = 5282477C281A2D99001C1225;
			productRefGroup = 52824786281A2D99001C1225 /* Products */;
			projectDirPath = "";
			projectRoot = "";
			targets = (
				52824784281A2D99001C1225 /* test-oc */,
			);
		};
/* End PBXProject section */

/* Begin PBXResourcesBuildPhase section */
		52824783281A2D99001C1225 /* Resources */ = {
			isa = PBXResourcesBuildPhase;
			buildActionMask = 2147483647;
			files = (
				52824798281A2D9C001C1225 /* LaunchScreen.storyboard in Resources */,
				52824795281A2D9C001C1225 /* Assets.xcassets in Resources */,
				52824793281A2D99001C1225 /* Main.storyboard in Resources */,
			);
			runOnlyForDeploymentPostprocessing = 0;
		};
/* End PBXResourcesBuildPhase section */

/* Begin PBXShellScriptBuildPhase section */
		3F801745167CCAF5DDA8D23B /* [CP] Check Pods Manifest.lock */ = {
			isa = PBXShellScriptBuildPhase;
			buildActionMask = 2147483647;
			files = (
			);
			inputFileListPaths = (
			);
			inputPaths = (
				"${PODS_PODFILE_DIR_PATH}/Podfile.lock",
				"${PODS_ROOT}/Manifest.lock",
			);
			name = "[CP] Check Pods Manifest.lock";
			outputFileListPaths = (
			);
			outputPaths = (
				"$(DERIVED_FILE_DIR)/Pods-test-oc-checkManifestLockResult.txt",
			);
			runOnlyForDeploymentPostprocessing = 0;
			shellPath = /bin/sh;
			shellScript = "diff \"${PODS_PODFILE_DIR_PATH}/Podfile.lock\" \"${PODS_ROOT}/Manifest.lock\" > /dev/null\nif [ $? != 0 ] ; then\n    # print error to STDERR\n    echo \"error: The sandbox is not in sync with the Podfile.lock. Run 'pod install' or update your CocoaPods installation.\" >&2\n    exit 1\nfi\n# This output is used by Xcode 'outputs' to avoid re-running this script phase.\necho \"SUCCESS\" > \"${SCRIPT_OUTPUT_FILE_0}\"\n";
			showEnvVarsInLog = 0;
		};
		607D567EB50575140C0CF3D2 /* [CP] Copy Pods Resources */ = {
			isa = PBXShellScriptBuildPhase;
			buildActionMask = 2147483647;
			files = (
			);
			inputFileListPaths = (
				"${PODS_ROOT}/Target Support Files/Pods-test-oc/Pods-test-oc-resources-${CONFIGURATION}-input-files.xcfilelist",
			);
			name = "[CP] Copy Pods Resources";
			outputFileListPaths = (
				"${PODS_ROOT}/Target Support Files/Pods-test-oc/Pods-test-oc-resources-${CONFIGURATION}-output-files.xcfilelist",
			);
			runOnlyForDeploymentPostprocessing = 0;
			shellPath = /bin/sh;
			shellScript = "\"${PODS_ROOT}/Target Support Files/Pods-test-oc/Pods-test-oc-resources.sh\"\n";
			showEnvVarsInLog = 0;
		};
/* End PBXShellScriptBuildPhase section */

/* Begin PBXSourcesBuildPhase section */
		52824781281A2D99001C1225 /* Sources */ = {
			isa = PBXSourcesBuildPhase;
			buildActionMask = 2147483647;
			files = (
				528247AE281A37E3001C1225 /* WXApiManager.swift in Sources */,
				52824790281A2D99001C1225 /* ViewController.m in Sources */,
				5282478A281A2D99001C1225 /* AppDelegate.m in Sources */,
				528247AB281A37E3001C1225 /* WechatExecutor.swift in Sources */,
				528247AA281A37E3001C1225 /* WechatPayService.swift in Sources */,
				5282479B281A2D9C001C1225 /* main.m in Sources */,
				5282478D281A2D99001C1225 /* SceneDelegate.m in Sources */,
			);
			runOnlyForDeploymentPostprocessing = 0;
		};
/* End PBXSourcesBuildPhase section */

/* Begin PBXVariantGroup section */
		52824791281A2D99001C1225 /* Main.storyboard */ = {
			isa = PBXVariantGroup;
			children = (
				52824792281A2D99001C1225 /* Base */,
			);
			name = Main.storyboard;
			sourceTree = "<group>";
		};
		52824796281A2D9C001C1225 /* LaunchScreen.storyboard */ = {
			isa = PBXVariantGroup;
			children = (
				52824797281A2D9C001C1225 /* Base */,
			);
			name = LaunchScreen.storyboard;
			sourceTree = "<group>";
		};
/* End PBXVariantGroup section */

/* Begin XCBuildConfiguration section */
		5282479C281A2D9C001C1225 /* Debug */ = {
			isa = XCBuildConfiguration;
			buildSettings = {
				ALWAYS_SEARCH_USER_PATHS = NO;
				CLANG_ANALYZER_NONNULL = YES;
				CLANG_ANALYZER_NUMBER_OBJECT_CONVERSION = YES_AGGRESSIVE;
				CLANG_CXX_LANGUAGE_STANDARD = "gnu++17";
				CLANG_CXX_LIBRARY = "libc++";
				CLANG_ENABLE_MODULES = YES;
				CLANG_ENABLE_OBJC_ARC = YES;
				CLANG_ENABLE_OBJC_WEAK = YES;
				CLANG_WARN_BLOCK_CAPTURE_AUTORELEASING = YES;
				CLANG_WARN_BOOL_CONVERSION = YES;
				CLANG_WARN_COMMA = YES;
				CLANG_WARN_CONSTANT_CONVERSION = YES;
				CLANG_WARN_DEPRECATED_OBJC_IMPLEMENTATIONS = YES;
				CLANG_WARN_DIRECT_OBJC_ISA_USAGE = YES_ERROR;
				CLANG_WARN_DOCUMENTATION_COMMENTS = YES;
				CLANG_WARN_EMPTY_BODY = YES;
				CLANG_WARN_ENUM_CONVERSION = YES;
				CLANG_WARN_INFINITE_RECURSION = YES;
				CLANG_WARN_INT_CONVERSION = YES;
				CLANG_WARN_NON_LITERAL_NULL_CONVERSION = YES;
				CLANG_WARN_OBJC_IMPLICIT_RETAIN_SELF = YES;
				CLANG_WARN_OBJC_LITERAL_CONVERSION = YES;
				CLANG_WARN_OBJC_ROOT_CLASS = YES_ERROR;
				CLANG_WARN_QUOTED_INCLUDE_IN_FRAMEWORK_HEADER = YES;
				CLANG_WARN_RANGE_LOOP_ANALYSIS = YES;
				CLANG_WARN_STRICT_PROTOTYPES = YES;
				CLANG_WARN_SUSPICIOUS_MOVE = YES;
				CLANG_WARN_UNGUARDED_AVAILABILITY = YES_AGGRESSIVE;
				CLANG_WARN_UNREACHABLE_CODE = YES;
				CLANG_WARN__DUPLICATE_METHOD_MATCH = YES;
				COPY_PHASE_STRIP = NO;
				DEBUG_INFORMATION_FORMAT = dwarf;
				ENABLE_STRICT_OBJC_MSGSEND = YES;
				ENABLE_TESTABILITY = YES;
				GCC_C_LANGUAGE_STANDARD = gnu11;
				GCC_DYNAMIC_NO_PIC = NO;
				GCC_NO_COMMON_BLOCKS = YES;
				GCC_OPTIMIZATION_LEVEL = 0;
				GCC_PREPROCESSOR_DEFINITIONS = (
					"DEBUG=1",
					"$(inherited)",
				);
				GCC_WARN_64_TO_32_BIT_CONVERSION = YES;
				GCC_WARN_ABOUT_RETURN_TYPE = YES_ERROR;
				GCC_WARN_UNDECLARED_SELECTOR = YES;
				GCC_WARN_UNINITIALIZED_AUTOS = YES_AGGRESSIVE;
				GCC_WARN_UNUSED_FUNCTION = YES;
				GCC_WARN_UNUSED_VARIABLE = YES;
				IPHONEOS_DEPLOYMENT_TARGET = 15.2;
				MTL_ENABLE_DEBUG_INFO = INCLUDE_SOURCE;
				MTL_FAST_MATH = YES;
				ONLY_ACTIVE_ARCH = YES;
				SDKROOT = iphoneos;
			};
			name = Debug;
		};
		5282479D281A2D9C001C1225 /* Release */ = {
			isa = XCBuildConfiguration;
			buildSettings = {
				ALWAYS_SEARCH_USER_PATHS = NO;
				CLANG_ANALYZER_NONNULL = YES;
				CLANG_ANALYZER_NUMBER_OBJECT_CONVERSION = YES_AGGRESSIVE;
				CLANG_CXX_LANGUAGE_STANDARD = "gnu++17";
				CLANG_CXX_LIBRARY = "libc++";
				CLANG_ENABLE_MODULES = YES;
				CLANG_ENABLE_OBJC_ARC = YES;
				CLANG_ENABLE_OBJC_WEAK = YES;
				CLANG_WARN_BLOCK_CAPTURE_AUTORELEASING = YES;
				CLANG_WARN_BOOL_CONVERSION = YES;
				CLANG_WARN_COMMA = YES;
				CLANG_WARN_CONSTANT_CONVERSION = YES;
				CLANG_WARN_DEPRECATED_OBJC_IMPLEMENTATIONS = YES;
				CLANG_WARN_DIRECT_OBJC_ISA_USAGE = YES_ERROR;
				CLANG_WARN_DOCUMENTATION_COMMENTS = YES;
				CLANG_WARN_EMPTY_BODY = YES;
				CLANG_WARN_ENUM_CONVERSION = YES;
				CLANG_WARN_INFINITE_RECURSION = YES;
				CLANG_WARN_INT_CONVERSION = YES;
				CLANG_WARN_NON_LITERAL_NULL_CONVERSION = YES;
				CLANG_WARN_OBJC_IMPLICIT_RETAIN_SELF = YES;
				CLANG_WARN_OBJC_LITERAL_CONVERSION = YES;
				CLANG_WARN_OBJC_ROOT_CLASS = YES_ERROR;
				CLANG_WARN_QUOTED_INCLUDE_IN_FRAMEWORK_HEADER = YES;
				CLANG_WARN_RANGE_LOOP_ANALYSIS = YES;
				CLANG_WARN_STRICT_PROTOTYPES = YES;
				CLANG_WARN_SUSPICIOUS_MOVE = YES;
				CLANG_WARN_UNGUARDED_AVAILABILITY = YES_AGGRESSIVE;
				CLANG_WARN_UNREACHABLE_CODE = YES;
				CLANG_WARN__DUPLICATE_METHOD_MATCH = YES;
				COPY_PHASE_STRIP = NO;
				DEBUG_INFORMATION_FORMAT = "dwarf-with-dsym";
				ENABLE_NS_ASSERTIONS = NO;
				ENABLE_STRICT_OBJC_MSGSEND = YES;
				GCC_C_LANGUAGE_STANDARD = gnu11;
				GCC_NO_COMMON_BLOCKS = YES;
				GCC_WARN_64_TO_32_BIT_CONVERSION = YES;
				GCC_WARN_ABOUT_RETURN_TYPE = YES_ERROR;
				GCC_WARN_UNDECLARED_SELECTOR = YES;
				GCC_WARN_UNINITIALIZED_AUTOS = YES_AGGRESSIVE;
				GCC_WARN_UNUSED_FUNCTION = YES;
				GCC_WARN_UNUSED_VARIABLE = YES;
				IPHONEOS_DEPLOYMENT_TARGET = 15.2;
				MTL_ENABLE_DEBUG_INFO = NO;
				MTL_FAST_MATH = YES;
				SDKROOT = iphoneos;
				VALIDATE_PRODUCT = YES;
			};
			name = Release;
		};
		5282479F281A2D9C001C1225 /* Debug */ = {
			isa = XCBuildConfiguration;
			baseConfigurationReference = 0F15383791C4BDD268A7F2CA /* Pods-test-oc.debug.xcconfig */;
			buildSettings = {
				ASSETCATALOG_COMPILER_APPICON_NAME = AppIcon;
				ASSETCATALOG_COMPILER_GLOBAL_ACCENT_COLOR_NAME = AccentColor;
				CODE_SIGN_STYLE = Automatic;
				CURRENT_PROJECT_VERSION = 1;
				DEVELOPMENT_TEAM = 9Q6U2EWTRL;
				ENABLE_BITCODE = NO;
				GENERATE_INFOPLIST_FILE = YES;
				INFOPLIST_FILE = "test-oc/Info.plist";
				INFOPLIST_KEY_UIApplicationSupportsIndirectInputEvents = YES;
				INFOPLIST_KEY_UILaunchStoryboardName = LaunchScreen;
				INFOPLIST_KEY_UIMainStoryboardFile = Main;
				INFOPLIST_KEY_UISupportedInterfaceOrientations_iPad = "UIInterfaceOrientationPortrait UIInterfaceOrientationPortraitUpsideDown UIInterfaceOrientationLandscapeLeft UIInterfaceOrientationLandscapeRight";
				INFOPLIST_KEY_UISupportedInterfaceOrientations_iPhone = "UIInterfaceOrientationPortrait UIInterfaceOrientationLandscapeLeft UIInterfaceOrientationLandscapeRight";
				LD_RUNPATH_SEARCH_PATHS = (
					"$(inherited)",
					"@executable_path/Frameworks",
				);
				LIBRARY_SEARCH_PATHS = (
					"$(inherited)",
					"$(PROJECT_DIR)/test-oc/WeChatSDK1.8.7.1",
				);
				MARKETING_VERSION = 1.0;
				OTHER_LDFLAGS = (
					"$(inherited)",
					"-ObjC",
					"-framework",
					"\"AVFoundation\"",
					"-framework",
					"\"AddressBook\"",
					"-framework",
					"\"Foundation\"",
					"-framework",
					"\"OrderPlaceSdkPrd\"",
					"-framework",
					"\"PassKit\"",
					"-framework",
					"\"UIKit\"",
					"-framework",
					"\"WebKit\"",
					"-all_load",
				);
				PRODUCT_BUNDLE_IDENTIFIER = "com.test.test2.test-oc";
				PRODUCT_NAME = "$(TARGET_NAME)";
				SWIFT_EMIT_LOC_STRINGS = YES;
				SWIFT_OBJC_BRIDGING_HEADER = "test-oc/bridge-header.h";
				SWIFT_VERSION = 5.0;
				TARGETED_DEVICE_FAMILY = "1,2";
			};
			name = Debug;
		};
		528247A0281A2D9C001C1225 /* Release */ = {
			isa = XCBuildConfiguration;
			baseConfigurationReference = 08E26A732EC6E3CF3F912FE6 /* Pods-test-oc.release.xcconfig */;
			buildSettings = {
				ASSETCATALOG_COMPILER_APPICON_NAME = AppIcon;
				ASSETCATALOG_COMPILER_GLOBAL_ACCENT_COLOR_NAME = AccentColor;
				CODE_SIGN_STYLE = Automatic;
				CURRENT_PROJECT_VERSION = 1;
				DEVELOPMENT_TEAM = 9Q6U2EWTRL;
				ENABLE_BITCODE = NO;
				GENERATE_INFOPLIST_FILE = YES;
				INFOPLIST_FILE = "test-oc/Info.plist";
				INFOPLIST_KEY_UIApplicationSupportsIndirectInputEvents = YES;
				INFOPLIST_KEY_UILaunchStoryboardName = LaunchScreen;
				INFOPLIST_KEY_UIMainStoryboardFile = Main;
				INFOPLIST_KEY_UISupportedInterfaceOrientations_iPad = "UIInterfaceOrientationPortrait UIInterfaceOrientationPortraitUpsideDown UIInterfaceOrientationLandscapeLeft UIInterfaceOrientationLandscapeRight";
				INFOPLIST_KEY_UISupportedInterfaceOrientations_iPhone = "UIInterfaceOrientationPortrait UIInterfaceOrientationLandscapeLeft UIInterfaceOrientationLandscapeRight";
				LD_RUNPATH_SEARCH_PATHS = (
					"$(inherited)",
					"@executable_path/Frameworks",
				);
				LIBRARY_SEARCH_PATHS = (
					"$(inherited)",
					"$(PROJECT_DIR)/test-oc/WeChatSDK1.8.7.1",
				);
				MARKETING_VERSION = 1.0;
				OTHER_LDFLAGS = (
					"$(inherited)",
					"-ObjC",
					"-framework",
					"\"AVFoundation\"",
					"-framework",
					"\"AddressBook\"",
					"-framework",
					"\"Foundation\"",
					"-framework",
					"\"OrderPlaceSdkPrd\"",
					"-framework",
					"\"PassKit\"",
					"-framework",
					"\"UIKit\"",
					"-framework",
					"\"WebKit\"",
					"-all_load",
				);
				PRODUCT_BUNDLE_IDENTIFIER = "com.test.test2.test-oc";
				PRODUCT_NAME = "$(TARGET_NAME)";
				SWIFT_EMIT_LOC_STRINGS = YES;
				SWIFT_OBJC_BRIDGING_HEADER = "test-oc/bridge-header.h";
				SWIFT_VERSION = 5.0;
				TARGETED_DEVICE_FAMILY = "1,2";
			};
			name = Release;
		};
/* End XCBuildConfiguration section */

/* Begin XCConfigurationList section */
		52824780281A2D99001C1225 /* Build configuration list for PBXProject "test-oc" */ = {
			isa = XCConfigurationList;
			buildConfigurations = (
				5282479C281A2D9C001C1225 /* Debug */,
				5282479D281A2D9C001C1225 /* Release */,
			);
			defaultConfigurationIsVisible = 0;
			defaultConfigurationName = Release;
		};
		5282479E281A2D9C001C1225 /* Build configuration list for PBXNativeTarget "test-oc" */ = {
			isa = XCConfigurationList;
			buildConfigurations = (
				5282479F281A2D9C001C1225 /* Debug */,
				528247A0281A2D9C001C1225 /* Release */,
			);
			defaultConfigurationIsVisible = 0;
			defaultConfigurationName = Release;
		};
/* End XCConfigurationList section */
	};
	rootObject = 5282477D281A2D99001C1225 /* Project object */;
}
